
Microsoft Visual Studio Solution File, Format Version 12.00
# Visual Studio Version 17
VisualStudioVersion = 17.14.36811.4 d17.14
MinimumVisualStudioVersion = 10.0.40219.1
Project("{FAE04EC0-301F-11D3-BF4B-00C04F79EFBC}") = "deneme1", "deneme1\deneme1.csproj", "{9E0F363C-4CDA-4E00-89AA-A938F5E2DE7A}"
EndProject
Global
	GlobalSection(SolutionConfigurationPlatforms) = preSolution
		Debug|Any CPU = Debug|Any CPU
		Release|Any CPU = Release|Any CPU
	EndGlobalSection
	GlobalSection(ProjectConfigurationPlatforms) = postSolution
		{9E0F363C-4CDA-4E00-89AA-A938F5E2DE7A}.Debug|Any CPU.ActiveCfg = Debug|Any CPU
		{9E0F363C-4CDA-4E00-89AA-A938F5E2DE7A}.Debug|Any CPU.Build.0 = Debug|Any CPU
		{9E0F363C-4CDA-4E00-89AA-A938F5E2DE7A}.Release|Any CPU.ActiveCfg = Release|Any CPU
		{9E0F363C-4CDA-4E00-89AA-A938F5E2DE7A}.Release|Any CPU.Build.0 = Release|Any CPU
	EndGlobalSection
	GlobalSection(SolutionProperties) = preSolution
		HideSolutionNode = FALSE
	EndGlobalSection
	GlobalSection(ExtensibilityGlobals) = postSolution
		SolutionGuid = {3CEEB8B8-B63D-4A7F-AEC4-4FF1CC8AB2EB}
	EndGlobalSection
EndGlobal
